
Microsoft Visual Studio Solution File, Format Version 12.00
# Visual Studio 15
VisualStudioVersion = 15.0.27428.2043
MinimumVisualStudioVersion = 10.0.40219.1
Project("{FAE04EC0-301F-11D3-BF4B-00C04F79EFBC}") = "Map", "Map\Map.csproj", "{F566B975-A541-4AB1-BF90-F87A6F28F330}"
EndProject
Project("{FAE04EC0-301F-11D3-BF4B-00C04F79EFBC}") = "Map.Demo", "Map.Demo\Map.Demo.csproj", "{16EA7EAD-8F91-4F5B-A13F-61962BCB5899}"
EndProject
Global
	GlobalSection(SolutionConfigurationPlatforms) = preSolution
		Debug|Any CPU = Debug|Any CPU
		Debug|x64 = Debug|x64
		Debug|x86 = Debug|x86
		Release|Any CPU = Release|Any CPU
		Release|x64 = Release|x64
		Release|x86 = Release|x86
	EndGlobalSection
	GlobalSection(ProjectConfigurationPlatforms) = postSolution
		{F566B975-A541-4AB1-BF90-F87A6F28F330}.Debug|Any CPU.ActiveCfg = Debug|Any CPU
		{F566B975-A541-4AB1-BF90-F87A6F28F330}.Debug|Any CPU.Build.0 = Debug|Any CPU
		{F566B975-A541-4AB1-BF90-F87A6F28F330}.Debug|x64.ActiveCfg = X86|x64
		{F566B975-A541-4AB1-BF90-F87A6F28F330}.Debug|x64.Build.0 = Debug|Any CPU
		{F566B975-A541-4AB1-BF90-F87A6F28F330}.Debug|x64.Build.2 = X86|x64
		{F566B975-A541-4AB1-BF90-F87A6F28F330}.Debug|x86.ActiveCfg = Debug|x86
		{F566B975-A541-4AB1-BF90-F87A6F28F330}.Debug|x86.Build.0 = Debug|x86
		{F566B975-A541-4AB1-BF90-F87A6F28F330}.Debug|x86.Build.2 = X86|x86
		{F566B975-A541-4AB1-BF90-F87A6F28F330}.Release|Any CPU.ActiveCfg = Release|Any CPU
		{F566B975-A541-4AB1-BF90-F87A6F28F330}.Release|Any CPU.Build.0 = Release|Any CPU
		{F566B975-A541-4AB1-BF90-F87A6F28F330}.Release|x64.ActiveCfg = Release|Any CPU
		{F566B975-A541-4AB1-BF90-F87A6F28F330}.Release|x64.Build.0 = Release|Any CPU
		{F566B975-A541-4AB1-BF90-F87A6F28F330}.Release|x86.ActiveCfg = Release|x86
		{F566B975-A541-4AB1-BF90-F87A6F28F330}.Release|x86.Build.0 = Release|x86
		{16EA7EAD-8F91-4F5B-A13F-61962BCB5899}.Debug|Any CPU.ActiveCfg = Debug|Any CPU
		{16EA7EAD-8F91-4F5B-A13F-61962BCB5899}.Debug|Any CPU.Build.0 = Debug|Any CPU
		{16EA7EAD-8F91-4F5B-A13F-61962BCB5899}.Debug|x64.ActiveCfg = Debug|x64
		{16EA7EAD-8F91-4F5B-A13F-61962BCB5899}.Debug|x64.Build.0 = Debug|x64
		{16EA7EAD-8F91-4F5B-A13F-61962BCB5899}.Debug|x64.Build.2 = X86|x64
		{16EA7EAD-8F91-4F5B-A13F-61962BCB5899}.Debug|x86.ActiveCfg = Debug|x86
		{16EA7EAD-8F91-4F5B-A13F-61962BCB5899}.Debug|x86.Build.0 = Debug|x86
		{16EA7EAD-8F91-4F5B-A13F-61962BCB5899}.Debug|x86.Build.2 = X86|x86
		{16EA7EAD-8F91-4F5B-A13F-61962BCB5899}.Release|Any CPU.ActiveCfg = Release|Any CPU
		{16EA7EAD-8F91-4F5B-A13F-61962BCB5899}.Release|Any CPU.Build.0 = Release|Any CPU
		{16EA7EAD-8F91-4F5B-A13F-61962BCB5899}.Release|x64.ActiveCfg = Release|x64
		{16EA7EAD-8F91-4F5B-A13F-61962BCB5899}.Release|x64.Build.0 = Release|x64
		{16EA7EAD-8F91-4F5B-A13F-61962BCB5899}.Release|x86.ActiveCfg = Release|x86
		{16EA7EAD-8F91-4F5B-A13F-61962BCB5899}.Release|x86.Build.0 = Release|x86
	EndGlobalSection
	GlobalSection(SolutionProperties) = preSolution
		HideSolutionNode = FALSE
	EndGlobalSection
	GlobalSection(ExtensibilityGlobals) = postSolution
		SolutionGuid = {0D7193A6-2F12-49F5-BC0D-517B6966A847}
	EndGlobalSection
EndGlobal
